// !$*UTF8*$!
{
	archiveVersion = 1;
	classes = {
	};
	objectVersion = 56;
	objects = {

/* Begin PBXBuildFile section */
		EC2E36EE2913FCFC00C31DBD /* Application.cpp in Sources */ = {isa = PBXBuildFile; fileRef = EC2E36EC2913FCFC00C31DBD /* Application.cpp */; };
		EC2E36F02916D58C00C31DBD /* OpenGL.framework in Frameworks */ = {isa = PBXBuildFile; fileRef = ECD16D88290FE3F6009F5F6C /* OpenGL.framework */; };
		EC2E36F8291BC5D500C31DBD /* ICamera.cpp in Sources */ = {isa = PBXBuildFile; fileRef = EC2E36F6291BC5D500C31DBD /* ICamera.cpp */; };
		EC2E36FC291BEFCC00C31DBD /* FPlane.cpp in Sources */ = {isa = PBXBuildFile; fileRef = EC2E36FA291BEFCC00C31DBD /* FPlane.cpp */; };
		EC2E36FF291C319A00C31DBD /* FreeCamera.cpp in Sources */ = {isa = PBXBuildFile; fileRef = EC2E36FD291C319A00C31DBD /* FreeCamera.cpp */; };
		EC2E3702291CF8DF00C31DBD /* Plane.cpp in Sources */ = {isa = PBXBuildFile; fileRef = EC2E3700291CF8DF00C31DBD /* Plane.cpp */; };
		EC2E370A291D7FA800C31DBD /* Input.cpp in Sources */ = {isa = PBXBuildFile; fileRef = EC2E3708291D7FA800C31DBD /* Input.cpp */; };
		EC2E370D291E5DB400C31DBD /* UnitCube.cpp in Sources */ = {isa = PBXBuildFile; fileRef = EC2E370B291E5DB400C31DBD /* UnitCube.cpp */; };
		EC2E3713291EAE5F00C31DBD /* Transform.cpp in Sources */ = {isa = PBXBuildFile; fileRef = EC2E3711291EAE5F00C31DBD /* Transform.cpp */; };
		EC49CDFE2926E49800D771C6 /* Cylinder.cpp in Sources */ = {isa = PBXBuildFile; fileRef = EC49CDFC2926E49800D771C6 /* Cylinder.cpp */; };
		EC49CE012927F0FC00D771C6 /* Sphere.cpp in Sources */ = {isa = PBXBuildFile; fileRef = EC49CDFF2927F0FC00D771C6 /* Sphere.cpp */; };
		EC84D6422938E69700F93ADE /* Model.cpp in Sources */ = {isa = PBXBuildFile; fileRef = EC84D6402938E69700F93ADE /* Model.cpp */; };
		EC84D6452938E6C200F93ADE /* Mesh.cpp in Sources */ = {isa = PBXBuildFile; fileRef = EC84D6432938E6C200F93ADE /* Mesh.cpp */; };
		EC84D64F2938F8F700F93ADE /* Animator.cpp in Sources */ = {isa = PBXBuildFile; fileRef = EC84D64D2938F8F700F93ADE /* Animator.cpp */; };
		EC84D6522938F93600F93ADE /* Animation.cpp in Sources */ = {isa = PBXBuildFile; fileRef = EC84D6502938F93600F93ADE /* Animation.cpp */; };
		EC84D6552938F96C00F93ADE /* Bone.cpp in Sources */ = {isa = PBXBuildFile; fileRef = EC84D6532938F96C00F93ADE /* Bone.cpp */; };
		EC84D6582938F9A500F93ADE /* AssimpGLMHelpers.cpp in Sources */ = {isa = PBXBuildFile; fileRef = EC84D6562938F9A500F93ADE /* AssimpGLMHelpers.cpp */; };
		EC84D65B2938FA2D00F93ADE /* Animation_Data.cpp in Sources */ = {isa = PBXBuildFile; fileRef = EC84D6592938FA2D00F93ADE /* Animation_Data.cpp */; };
		ECCCD2022913E5AF000D4BED /* libglfw.3.3.dylib in Embed Libraries */ = {isa = PBXBuildFile; fileRef = ECD16D8A290FE417009F5F6C /* libglfw.3.3.dylib */; };
		ECCCD2092913EA78000D4BED /* Triangle.cpp in Sources */ = {isa = PBXBuildFile; fileRef = ECCCD2072913EA78000D4BED /* Triangle.cpp */; };
		ECD16339294605950092C0AF /* TexLoading.cpp in Sources */ = {isa = PBXBuildFile; fileRef = ECD16337294605950092C0AF /* TexLoading.cpp */; };
		ECD1633C294606300092C0AF /* Skybox.cpp in Sources */ = {isa = PBXBuildFile; fileRef = ECD1633A294606300092C0AF /* Skybox.cpp */; };
		ECD1634A29464D280092C0AF /* FinalSubmissionBaseScene.cpp in Sources */ = {isa = PBXBuildFile; fileRef = ECD1634829464D280092C0AF /* FinalSubmissionBaseScene.cpp */; };
		ECD1635029464F5E0092C0AF /* ShadowPassFinalSubmission.cpp in Sources */ = {isa = PBXBuildFile; fileRef = ECD1634E29464F5E0092C0AF /* ShadowPassFinalSubmission.cpp */; };
		ECD163542947538E0092C0AF /* LitPlane.cpp in Sources */ = {isa = PBXBuildFile; fileRef = ECD163522947538E0092C0AF /* LitPlane.cpp */; };
		ECD16D81290FE3C6009F5F6C /* main.cpp in Sources */ = {isa = PBXBuildFile; fileRef = ECD16D80290FE3C6009F5F6C /* main.cpp */; };
		ECD16D8B290FE417009F5F6C /* libglfw.3.3.dylib in Frameworks */ = {isa = PBXBuildFile; fileRef = ECD16D8A290FE417009F5F6C /* libglfw.3.3.dylib */; };
		ECD16D8D290FEC16009F5F6C /* glad.c in Sources */ = {isa = PBXBuildFile; fileRef = ECD16D8C290FEC16009F5F6C /* glad.c */; };
		ECD16D952911B05F009F5F6C /* RenderableObjectsBase.cpp in Sources */ = {isa = PBXBuildFile; fileRef = ECD16D932911B05F009F5F6C /* RenderableObjectsBase.cpp */; };
		ECD16D992912BD8B009F5F6C /* GLSLShader.cpp in Sources */ = {isa = PBXBuildFile; fileRef = ECD16D972912BD8B009F5F6C /* GLSLShader.cpp */; };
		ECD90B00292FA0BA0054F62A /* libassimp.5.2.4.dylib in Frameworks */ = {isa = PBXBuildFile; fileRef = ECD90AFF292FA0BA0054F62A /* libassimp.5.2.4.dylib */; };
		ECEA06402922AEA00055DD24 /* ILight.cpp in Sources */ = {isa = PBXBuildFile; fileRef = ECEA063E2922AEA00055DD24 /* ILight.cpp */; };
		ECEA06442924E7FB0055DD24 /* Lit_UnitCube.cpp in Sources */ = {isa = PBXBuildFile; fileRef = ECEA06422924E7FB0055DD24 /* Lit_UnitCube.cpp */; };
		ECEA064B29269D130055DD24 /* Time.cpp in Sources */ = {isa = PBXBuildFile; fileRef = ECEA064929269D130055DD24 /* Time.cpp */; };
		ECEA064F2926B3100055DD24 /* ClockScene.cpp in Sources */ = {isa = PBXBuildFile; fileRef = ECEA064D2926B3100055DD24 /* ClockScene.cpp */; };
/* End PBXBuildFile section */

/* Begin PBXCopyFilesBuildPhase section */
		ECCCD2032913E5AF000D4BED /* Embed Libraries */ = {
			isa = PBXCopyFilesBuildPhase;
			buildActionMask = 2147483647;
			dstPath = "";
			dstSubfolderSpec = 10;
			files = (
				ECCCD2022913E5AF000D4BED /* libglfw.3.3.dylib in Embed Libraries */,
			);
			name = "Embed Libraries";
			runOnlyForDeploymentPostprocessing = 0;
		};
		ECD16D7B290FE3C6009F5F6C /* CopyFiles */ = {
			isa = PBXCopyFilesBuildPhase;
			buildActionMask = 2147483647;
			dstPath = /usr/share/man/man1;
			dstSubfolderSpec = 0;
			files = (
			);
			runOnlyForDeploymentPostprocessing = 1;
		};
/* End PBXCopyFilesBuildPhase section */

/* Begin PBXFileReference section */
		EC2E36EC2913FCFC00C31DBD /* Application.cpp */ = {isa = PBXFileReference; lastKnownFileType = sourcecode.cpp.cpp; path = Application.cpp; sourceTree = "<group>"; };
		EC2E36ED2913FCFC00C31DBD /* Application.hpp */ = {isa = PBXFileReference; lastKnownFileType = sourcecode.cpp.h; path = Application.hpp; sourceTree = "<group>"; };
		EC2E36F32917CDEB00C31DBD /* Triangle.vert */ = {isa = PBXFileReference; lastKnownFileType = sourcecode.glsl; name = Triangle.vert; path = ../../../OpenGL_Basics/Shaders/ObjectShaders/Triangle/Triangle.vert; sourceTree = BUILT_PRODUCTS_DIR; };
		EC2E36F42917CE2A00C31DBD /* Triangle.frag */ = {isa = PBXFileReference; lastKnownFileType = sourcecode.glsl; path = Triangle.frag; sourceTree = "<group>"; };
		EC2E36F6291BC5D500C31DBD /* ICamera.cpp */ = {isa = PBXFileReference; lastKnownFileType = sourcecode.cpp.cpp; path = ICamera.cpp; sourceTree = "<group>"; };
		EC2E36F7291BC5D500C31DBD /* ICamera.hpp */ = {isa = PBXFileReference; lastKnownFileType = sourcecode.cpp.h; path = ICamera.hpp; sourceTree = "<group>"; };
		EC2E36FA291BEFCC00C31DBD /* FPlane.cpp */ = {isa = PBXFileReference; lastKnownFileType = sourcecode.cpp.cpp; path = FPlane.cpp; sourceTree = "<group>"; };
		EC2E36FB291BEFCC00C31DBD /* FPlane.hpp */ = {isa = PBXFileReference; lastKnownFileType = sourcecode.cpp.h; path = FPlane.hpp; sourceTree = "<group>"; };
		EC2E36FD291C319A00C31DBD /* FreeCamera.cpp */ = {isa = PBXFileReference; lastKnownFileType = sourcecode.cpp.cpp; path = FreeCamera.cpp; sourceTree = "<group>"; };
		EC2E36FE291C319A00C31DBD /* FreeCamera.hpp */ = {isa = PBXFileReference; lastKnownFileType = sourcecode.cpp.h; path = FreeCamera.hpp; sourceTree = "<group>"; };
		EC2E3700291CF8DF00C31DBD /* Plane.cpp */ = {isa = PBXFileReference; lastKnownFileType = sourcecode.cpp.cpp; path = Plane.cpp; sourceTree = "<group>"; };
		EC2E3701291CF8DF00C31DBD /* Plane.hpp */ = {isa = PBXFileReference; lastKnownFileType = sourcecode.cpp.h; path = Plane.hpp; sourceTree = "<group>"; };
		EC2E3705291CFFBF00C31DBD /* checkeredPlane.vert */ = {isa = PBXFileReference; lastKnownFileType = sourcecode.glsl; name = checkeredPlane.vert; path = ../../../OpenGL_Basics/Shaders/ObjectShaders/TexturedPlane/checkeredPlane.vert; sourceTree = BUILT_PRODUCTS_DIR; };
		EC2E3706291CFFDC00C31DBD /* checkeredPlane.frag */ = {isa = PBXFileReference; lastKnownFileType = sourcecode.glsl; name = checkeredPlane.frag; path = ../../../OpenGL_Basics/Shaders/ObjectShaders/TexturedPlane/checkeredPlane.frag; sourceTree = BUILT_PRODUCTS_DIR; };
		EC2E3708291D7FA800C31DBD /* Input.cpp */ = {isa = PBXFileReference; lastKnownFileType = sourcecode.cpp.cpp; path = Input.cpp; sourceTree = "<group>"; };
		EC2E3709291D7FA800C31DBD /* Input.hpp */ = {isa = PBXFileReference; lastKnownFileType = sourcecode.cpp.h; path = Input.hpp; sourceTree = "<group>"; };
		EC2E370B291E5DB400C31DBD /* UnitCube.cpp */ = {isa = PBXFileReference; lastKnownFileType = sourcecode.cpp.cpp; path = UnitCube.cpp; sourceTree = "<group>"; };
		EC2E370C291E5DB400C31DBD /* UnitCube.hpp */ = {isa = PBXFileReference; lastKnownFileType = sourcecode.cpp.h; path = UnitCube.hpp; sourceTree = "<group>"; };
		EC2E370F291E5F6000C31DBD /* UnitCube.vert */ = {isa = PBXFileReference; lastKnownFileType = sourcecode.glsl; path = UnitCube.vert; sourceTree = "<group>"; };
		EC2E3710291E5F7500C31DBD /* UnitCube.frag */ = {isa = PBXFileReference; lastKnownFileType = sourcecode.glsl; path = UnitCube.frag; sourceTree = "<group>"; };
		EC2E3711291EAE5F00C31DBD /* Transform.cpp */ = {isa = PBXFileReference; lastKnownFileType = sourcecode.cpp.cpp; path = Transform.cpp; sourceTree = "<group>"; };
		EC2E3712291EAE5F00C31DBD /* Transform.hpp */ = {isa = PBXFileReference; lastKnownFileType = sourcecode.cpp.h; path = Transform.hpp; sourceTree = "<group>"; };
		EC49CDFC2926E49800D771C6 /* Cylinder.cpp */ = {isa = PBXFileReference; lastKnownFileType = sourcecode.cpp.cpp; path = Cylinder.cpp; sourceTree = "<group>"; };
		EC49CDFD2926E49800D771C6 /* Cylinder.hpp */ = {isa = PBXFileReference; lastKnownFileType = sourcecode.cpp.h; path = Cylinder.hpp; sourceTree = "<group>"; };
		EC49CDFF2927F0FC00D771C6 /* Sphere.cpp */ = {isa = PBXFileReference; lastKnownFileType = sourcecode.cpp.cpp; path = Sphere.cpp; sourceTree = "<group>"; };
		EC49CE002927F0FC00D771C6 /* Sphere.hpp */ = {isa = PBXFileReference; lastKnownFileType = sourcecode.cpp.h; path = Sphere.hpp; sourceTree = "<group>"; };
		EC84D6402938E69700F93ADE /* Model.cpp */ = {isa = PBXFileReference; lastKnownFileType = sourcecode.cpp.cpp; path = Model.cpp; sourceTree = "<group>"; };
		EC84D6412938E69700F93ADE /* Model.hpp */ = {isa = PBXFileReference; lastKnownFileType = sourcecode.cpp.h; path = Model.hpp; sourceTree = "<group>"; };
		EC84D6432938E6C200F93ADE /* Mesh.cpp */ = {isa = PBXFileReference; lastKnownFileType = sourcecode.cpp.cpp; path = Mesh.cpp; sourceTree = "<group>"; };
		EC84D6442938E6C200F93ADE /* Mesh.hpp */ = {isa = PBXFileReference; lastKnownFileType = sourcecode.cpp.h; path = Mesh.hpp; sourceTree = "<group>"; };
		EC84D6462938EE3100F93ADE /* model_loading.vert */ = {isa = PBXFileReference; lastKnownFileType = sourcecode.glsl; path = model_loading.vert; sourceTree = "<group>"; };
		EC84D6472938EE5600F93ADE /* model_loading.frag */ = {isa = PBXFileReference; lastKnownFileType = sourcecode.glsl; path = model_loading.frag; sourceTree = "<group>"; };
		EC84D64A2938EF6D00F93ADE /* textures */ = {isa = PBXFileReference; lastKnownFileType = folder; path = textures; sourceTree = "<group>"; };
		EC84D64B2938EF6D00F93ADE /* Capoeira.dae */ = {isa = PBXFileReference; lastKnownFileType = text.xml.dae; path = Capoeira.dae; sourceTree = "<group>"; };
		EC84D64D2938F8F700F93ADE /* Animator.cpp */ = {isa = PBXFileReference; lastKnownFileType = sourcecode.cpp.cpp; path = Animator.cpp; sourceTree = "<group>"; };
		EC84D64E2938F8F700F93ADE /* Animator.hpp */ = {isa = PBXFileReference; lastKnownFileType = sourcecode.cpp.h; path = Animator.hpp; sourceTree = "<group>"; };
		EC84D6502938F93600F93ADE /* Animation.cpp */ = {isa = PBXFileReference; lastKnownFileType = sourcecode.cpp.cpp; path = Animation.cpp; sourceTree = "<group>"; };
		EC84D6512938F93600F93ADE /* Animation.hpp */ = {isa = PBXFileReference; lastKnownFileType = sourcecode.cpp.h; path = Animation.hpp; sourceTree = "<group>"; };
		EC84D6532938F96C00F93ADE /* Bone.cpp */ = {isa = PBXFileReference; lastKnownFileType = sourcecode.cpp.cpp; path = Bone.cpp; sourceTree = "<group>"; };
		EC84D6542938F96C00F93ADE /* Bone.hpp */ = {isa = PBXFileReference; lastKnownFileType = sourcecode.cpp.h; path = Bone.hpp; sourceTree = "<group>"; };
		EC84D6562938F9A500F93ADE /* AssimpGLMHelpers.cpp */ = {isa = PBXFileReference; lastKnownFileType = sourcecode.cpp.cpp; path = AssimpGLMHelpers.cpp; sourceTree = "<group>"; };
		EC84D6572938F9A500F93ADE /* AssimpGLMHelpers.hpp */ = {isa = PBXFileReference; lastKnownFileType = sourcecode.cpp.h; path = AssimpGLMHelpers.hpp; sourceTree = "<group>"; };
		EC84D6592938FA2D00F93ADE /* Animation_Data.cpp */ = {isa = PBXFileReference; lastKnownFileType = sourcecode.cpp.cpp; path = Animation_Data.cpp; sourceTree = "<group>"; };
		EC84D65A2938FA2D00F93ADE /* Animation_Data.hpp */ = {isa = PBXFileReference; lastKnownFileType = sourcecode.cpp.h; path = Animation_Data.hpp; sourceTree = "<group>"; };
		ECCCD2072913EA78000D4BED /* Triangle.cpp */ = {isa = PBXFileReference; lastKnownFileType = sourcecode.cpp.cpp; path = Triangle.cpp; sourceTree = "<group>"; };
		ECCCD2082913EA78000D4BED /* Triangle.hpp */ = {isa = PBXFileReference; lastKnownFileType = sourcecode.cpp.h; path = Triangle.hpp; sourceTree = "<group>"; };
		ECD16337294605950092C0AF /* TexLoading.cpp */ = {isa = PBXFileReference; lastKnownFileType = sourcecode.cpp.cpp; path = TexLoading.cpp; sourceTree = "<group>"; };
		ECD16338294605950092C0AF /* TexLoading.hpp */ = {isa = PBXFileReference; lastKnownFileType = sourcecode.cpp.h; path = TexLoading.hpp; sourceTree = "<group>"; };
		ECD1633A294606300092C0AF /* Skybox.cpp */ = {isa = PBXFileReference; lastKnownFileType = sourcecode.cpp.cpp; path = Skybox.cpp; sourceTree = "<group>"; };
		ECD1633B294606300092C0AF /* Skybox.hpp */ = {isa = PBXFileReference; lastKnownFileType = sourcecode.cpp.h; path = Skybox.hpp; sourceTree = "<group>"; };
		ECD1633E2946286B0092C0AF /* skybox.vert */ = {isa = PBXFileReference; lastKnownFileType = sourcecode.glsl; path = skybox.vert; sourceTree = "<group>"; };
		ECD1633F2946288C0092C0AF /* skybox.frag */ = {isa = PBXFileReference; lastKnownFileType = sourcecode.glsl; path = skybox.frag; sourceTree = "<group>"; };
		ECD1634029462BFC0092C0AF /* cubemap_night */ = {isa = PBXFileReference; lastKnownFileType = folder; path = cubemap_night; sourceTree = "<group>"; };
		ECD16342294643020092C0AF /* l_negy.jpg */ = {isa = PBXFileReference; lastKnownFileType = image.jpeg; path = l_negy.jpg; sourceTree = "<group>"; };
		ECD16343294643020092C0AF /* l_posy.jpg */ = {isa = PBXFileReference; lastKnownFileType = image.jpeg; path = l_posy.jpg; sourceTree = "<group>"; };
		ECD16344294643020092C0AF /* l_posx.jpg */ = {isa = PBXFileReference; lastKnownFileType = image.jpeg; path = l_posx.jpg; sourceTree = "<group>"; };
		ECD16345294643020092C0AF /* l_posz.jpg */ = {isa = PBXFileReference; lastKnownFileType = image.jpeg; path = l_posz.jpg; sourceTree = "<group>"; };
		ECD16346294643020092C0AF /* l_negx.jpg */ = {isa = PBXFileReference; lastKnownFileType = image.jpeg; path = l_negx.jpg; sourceTree = "<group>"; };
		ECD16347294643020092C0AF /* l_negz.jpg */ = {isa = PBXFileReference; lastKnownFileType = image.jpeg; path = l_negz.jpg; sourceTree = "<group>"; };
		ECD1634829464D280092C0AF /* FinalSubmissionBaseScene.cpp */ = {isa = PBXFileReference; lastKnownFileType = sourcecode.cpp.cpp; path = FinalSubmissionBaseScene.cpp; sourceTree = "<group>"; };
		ECD1634929464D280092C0AF /* FinalSubmissionBaseScene.hpp */ = {isa = PBXFileReference; lastKnownFileType = sourcecode.cpp.h; path = FinalSubmissionBaseScene.hpp; sourceTree = "<group>"; };
		ECD1634C29464D670092C0AF /* shadowMapping.vert */ = {isa = PBXFileReference; lastKnownFileType = sourcecode.glsl; path = shadowMapping.vert; sourceTree = "<group>"; };
		ECD1634D29464D8C0092C0AF /* shadowMapping.frag */ = {isa = PBXFileReference; lastKnownFileType = sourcecode.glsl; path = shadowMapping.frag; sourceTree = "<group>"; };
		ECD1634E29464F5E0092C0AF /* ShadowPassFinalSubmission.cpp */ = {isa = PBXFileReference; lastKnownFileType = sourcecode.cpp.cpp; path = ShadowPassFinalSubmission.cpp; sourceTree = "<group>"; };
		ECD1634F29464F5E0092C0AF /* ShadowPassFinalSubmission.hpp */ = {isa = PBXFileReference; lastKnownFileType = sourcecode.cpp.h; path = ShadowPassFinalSubmission.hpp; sourceTree = "<group>"; };
		ECD1635129465D580092C0AF /* appCongif.h */ = {isa = PBXFileReference; lastKnownFileType = sourcecode.c.h; path = appCongif.h; sourceTree = "<group>"; };
		ECD163522947538E0092C0AF /* LitPlane.cpp */ = {isa = PBXFileReference; lastKnownFileType = sourcecode.cpp.cpp; path = LitPlane.cpp; sourceTree = "<group>"; };
		ECD163532947538E0092C0AF /* LitPlane.hpp */ = {isa = PBXFileReference; lastKnownFileType = sourcecode.cpp.h; path = LitPlane.hpp; sourceTree = "<group>"; };
		ECD16356294759DA0092C0AF /* LitTexPlane.vert */ = {isa = PBXFileReference; lastKnownFileType = sourcecode.glsl; path = LitTexPlane.vert; sourceTree = "<group>"; };
		ECD16357294759FA0092C0AF /* LitTexPlane.frag */ = {isa = PBXFileReference; lastKnownFileType = sourcecode.glsl; path = LitTexPlane.frag; sourceTree = "<group>"; };
		ECD16D7D290FE3C6009F5F6C /* OpenGL_Basics */ = {isa = PBXFileReference; explicitFileType = "compiled.mach-o.executable"; includeInIndex = 0; path = OpenGL_Basics; sourceTree = BUILT_PRODUCTS_DIR; };
		ECD16D80290FE3C6009F5F6C /* main.cpp */ = {isa = PBXFileReference; lastKnownFileType = sourcecode.cpp.cpp; path = main.cpp; sourceTree = "<group>"; };
		ECD16D88290FE3F6009F5F6C /* OpenGL.framework */ = {isa = PBXFileReference; lastKnownFileType = wrapper.framework; name = OpenGL.framework; path = System/Library/Frameworks/OpenGL.framework; sourceTree = SDKROOT; };
		ECD16D8A290FE417009F5F6C /* libglfw.3.3.dylib */ = {isa = PBXFileReference; lastKnownFileType = "compiled.mach-o.dylib"; name = libglfw.3.3.dylib; path = ../../../../../../../../opt/homebrew/Cellar/glfw/3.3.8/lib/libglfw.3.3.dylib; sourceTree = "<group>"; };
		ECD16D8C290FEC16009F5F6C /* glad.c */ = {isa = PBXFileReference; fileEncoding = 4; lastKnownFileType = sourcecode.c.c; name = glad.c; path = Externals/glad/src/glad.c; sourceTree = "<group>"; };
		ECD16D932911B05F009F5F6C /* RenderableObjectsBase.cpp */ = {isa = PBXFileReference; lastKnownFileType = sourcecode.cpp.cpp; path = RenderableObjectsBase.cpp; sourceTree = "<group>"; };
		ECD16D942911B05F009F5F6C /* RenderableObjectsBase.hpp */ = {isa = PBXFileReference; lastKnownFileType = sourcecode.cpp.h; path = RenderableObjectsBase.hpp; sourceTree = "<group>"; };
		ECD16D972912BD8B009F5F6C /* GLSLShader.cpp */ = {isa = PBXFileReference; lastKnownFileType = sourcecode.cpp.cpp; path = GLSLShader.cpp; sourceTree = "<group>"; };
		ECD16D982912BD8B009F5F6C /* GLSLShader.hpp */ = {isa = PBXFileReference; lastKnownFileType = sourcecode.cpp.h; path = GLSLShader.hpp; sourceTree = "<group>"; };
		ECD90AFF292FA0BA0054F62A /* libassimp.5.2.4.dylib */ = {isa = PBXFileReference; lastKnownFileType = "compiled.mach-o.dylib"; name = libassimp.5.2.4.dylib; path = ../../../../../../../../opt/homebrew/Cellar/assimp/5.2.5/lib/libassimp.5.2.4.dylib; sourceTree = "<group>"; };
		ECEA063B2922A06C0055DD24 /* DirectionalLighting.vert */ = {isa = PBXFileReference; lastKnownFileType = sourcecode.glsl; path = DirectionalLighting.vert; sourceTree = "<group>"; };
		ECEA063C2922A0CE0055DD24 /* DirectionalLighting.frag */ = {isa = PBXFileReference; lastKnownFileType = sourcecode.glsl; path = DirectionalLighting.frag; sourceTree = "<group>"; };
		ECEA063E2922AEA00055DD24 /* ILight.cpp */ = {isa = PBXFileReference; lastKnownFileType = sourcecode.cpp.cpp; path = ILight.cpp; sourceTree = "<group>"; };
		ECEA063F2922AEA00055DD24 /* ILight.hpp */ = {isa = PBXFileReference; lastKnownFileType = sourcecode.cpp.h; path = ILight.hpp; sourceTree = "<group>"; };
		ECEA06422924E7FB0055DD24 /* Lit_UnitCube.cpp */ = {isa = PBXFileReference; lastKnownFileType = sourcecode.cpp.cpp; path = Lit_UnitCube.cpp; sourceTree = "<group>"; };
		ECEA06432924E7FB0055DD24 /* Lit_UnitCube.hpp */ = {isa = PBXFileReference; lastKnownFileType = sourcecode.cpp.h; path = Lit_UnitCube.hpp; sourceTree = "<group>"; };
		ECEA06462924FFC40055DD24 /* Lit_Cube.vert */ = {isa = PBXFileReference; lastKnownFileType = sourcecode.glsl; name = Lit_Cube.vert; path = ../../../OpenGL_Basics/Shaders/LightingShaders/Lit_Cube/Lit_Cube.vert; sourceTree = BUILT_PRODUCTS_DIR; };
		ECEA06472924FFDD0055DD24 /* Lit_Cube.frag */ = {isa = PBXFileReference; lastKnownFileType = sourcecode.glsl; name = Lit_Cube.frag; path = ../../../OpenGL_Basics/Shaders/LightingShaders/Lit_Cube/Lit_Cube.frag; sourceTree = BUILT_PRODUCTS_DIR; };
		ECEA064929269D130055DD24 /* Time.cpp */ = {isa = PBXFileReference; lastKnownFileType = sourcecode.cpp.cpp; path = Time.cpp; sourceTree = "<group>"; };
		ECEA064A29269D130055DD24 /* Time.hpp */ = {isa = PBXFileReference; lastKnownFileType = sourcecode.cpp.h; path = Time.hpp; sourceTree = "<group>"; };
		ECEA064D2926B3100055DD24 /* ClockScene.cpp */ = {isa = PBXFileReference; lastKnownFileType = sourcecode.cpp.cpp; path = ClockScene.cpp; sourceTree = "<group>"; };
		ECEA064E2926B3100055DD24 /* ClockScene.hpp */ = {isa = PBXFileReference; lastKnownFileType = sourcecode.cpp.h; path = ClockScene.hpp; sourceTree = "<group>"; };
/* End PBXFileReference section */

/* Begin PBXFrameworksBuildPhase section */
		ECD16D7A290FE3C6009F5F6C /* Frameworks */ = {
			isa = PBXFrameworksBuildPhase;
			buildActionMask = 2147483647;
			files = (
				ECD90B00292FA0BA0054F62A /* libassimp.5.2.4.dylib in Frameworks */,
				ECD16D8B290FE417009F5F6C /* libglfw.3.3.dylib in Frameworks */,
				EC2E36F02916D58C00C31DBD /* OpenGL.framework in Frameworks */,
			);
			runOnlyForDeploymentPostprocessing = 0;
		};
/* End PBXFrameworksBuildPhase section */

/* Begin PBXGroup section */
		EC2E36F12917CDBD00C31DBD /* ObjectShaders */ = {
			isa = PBXGroup;
			children = (
				EC2E370E291E5F3200C31DBD /* UnitCube */,
				EC2E3703291CFF4C00C31DBD /* TexturedPlane */,
				EC2E36F22917CDCD00C31DBD /* Triangle */,
			);
			name = ObjectShaders;
			path = OpenGL_Basics/Shaders/ObjectShaders;
			sourceTree = SOURCE_ROOT;
		};
		EC2E36F22917CDCD00C31DBD /* Triangle */ = {
			isa = PBXGroup;
			children = (
				EC2E36F32917CDEB00C31DBD /* Triangle.vert */,
				EC2E36F42917CE2A00C31DBD /* Triangle.frag */,
			);
			path = Triangle;
			sourceTree = "<group>";
		};
		EC2E36F5291BC5BD00C31DBD /* Camera */ = {
			isa = PBXGroup;
			children = (
				EC2E36F9291BEFA300C31DBD /* Fustrum */,
				EC2E36F6291BC5D500C31DBD /* ICamera.cpp */,
				EC2E36F7291BC5D500C31DBD /* ICamera.hpp */,
				EC2E36FD291C319A00C31DBD /* FreeCamera.cpp */,
				EC2E36FE291C319A00C31DBD /* FreeCamera.hpp */,
			);
			path = Camera;
			sourceTree = "<group>";
		};
		EC2E36F9291BEFA300C31DBD /* Fustrum */ = {
			isa = PBXGroup;
			children = (
				EC2E36FA291BEFCC00C31DBD /* FPlane.cpp */,
				EC2E36FB291BEFCC00C31DBD /* FPlane.hpp */,
			);
			path = Fustrum;
			sourceTree = "<group>";
		};
		EC2E3703291CFF4C00C31DBD /* TexturedPlane */ = {
			isa = PBXGroup;
			children = (
				EC2E3705291CFFBF00C31DBD /* checkeredPlane.vert */,
				EC2E3706291CFFDC00C31DBD /* checkeredPlane.frag */,
			);
			path = TexturedPlane;
			sourceTree = "<group>";
		};
		EC2E3707291D7F9900C31DBD /* Input */ = {
			isa = PBXGroup;
			children = (
				EC2E3708291D7FA800C31DBD /* Input.cpp */,
				EC2E3709291D7FA800C31DBD /* Input.hpp */,
			);
			path = Input;
			sourceTree = "<group>";
		};
		EC2E370E291E5F3200C31DBD /* UnitCube */ = {
			isa = PBXGroup;
			children = (
				EC2E370F291E5F6000C31DBD /* UnitCube.vert */,
				EC2E3710291E5F7500C31DBD /* UnitCube.frag */,
			);
			path = UnitCube;
			sourceTree = "<group>";
		};
		EC84D6492938EF5D00F93ADE /* assets */ = {
			isa = PBXGroup;
			children = (
				ECD16335294604FC0092C0AF /* Skybox */,
				EC84D64B2938EF6D00F93ADE /* Capoeira.dae */,
				EC84D64A2938EF6D00F93ADE /* textures */,
			);
			path = assets;
			sourceTree = "<group>";
		};
		EC84D64C2938F8DB00F93ADE /* Animation */ = {
			isa = PBXGroup;
			children = (
				EC84D64D2938F8F700F93ADE /* Animator.cpp */,
				EC84D64E2938F8F700F93ADE /* Animator.hpp */,
				EC84D6502938F93600F93ADE /* Animation.cpp */,
				EC84D6512938F93600F93ADE /* Animation.hpp */,
				EC84D6532938F96C00F93ADE /* Bone.cpp */,
				EC84D6542938F96C00F93ADE /* Bone.hpp */,
				EC84D6592938FA2D00F93ADE /* Animation_Data.cpp */,
				EC84D65A2938FA2D00F93ADE /* Animation_Data.hpp */,
			);
			path = Animation;
			sourceTree = "<group>";
		};
		ECA54B8D2938E50F001CBEB5 /* ModelLoading */ = {
			isa = PBXGroup;
			children = (
				EC84D6402938E69700F93ADE /* Model.cpp */,
				EC84D6412938E69700F93ADE /* Model.hpp */,
				EC84D6432938E6C200F93ADE /* Mesh.cpp */,
				EC84D6442938E6C200F93ADE /* Mesh.hpp */,
			);
			path = ModelLoading;
			sourceTree = "<group>";
		};
		ECCCD2062913EA62000D4BED /* Objects */ = {
			isa = PBXGroup;
			children = (
				ECEA064129241E870055DD24 /* LitObjects */,
				ECCCD2072913EA78000D4BED /* Triangle.cpp */,
				ECCCD2082913EA78000D4BED /* Triangle.hpp */,
				EC2E3700291CF8DF00C31DBD /* Plane.cpp */,
				EC2E3701291CF8DF00C31DBD /* Plane.hpp */,
				EC2E370B291E5DB400C31DBD /* UnitCube.cpp */,
				EC2E370C291E5DB400C31DBD /* UnitCube.hpp */,
				ECD1633A294606300092C0AF /* Skybox.cpp */,
				ECD1633B294606300092C0AF /* Skybox.hpp */,
			);
			path = Objects;
			sourceTree = "<group>";
		};
		ECD16335294604FC0092C0AF /* Skybox */ = {
			isa = PBXGroup;
			children = (
				ECD16341294642E70092C0AF /* leanOpenGLSkyBox */,
				ECD1634029462BFC0092C0AF /* cubemap_night */,
			);
			path = Skybox;
			sourceTree = "<group>";
		};
		ECD1633D294628580092C0AF /* Skybox */ = {
			isa = PBXGroup;
			children = (
				ECD1633E2946286B0092C0AF /* skybox.vert */,
				ECD1633F2946288C0092C0AF /* skybox.frag */,
			);
			path = Skybox;
			sourceTree = "<group>";
		};
		ECD16341294642E70092C0AF /* leanOpenGLSkyBox */ = {
			isa = PBXGroup;
			children = (
				ECD16347294643020092C0AF /* l_negz.jpg */,
				ECD16342294643020092C0AF /* l_negy.jpg */,
				ECD16345294643020092C0AF /* l_posz.jpg */,
				ECD16346294643020092C0AF /* l_negx.jpg */,
				ECD16344294643020092C0AF /* l_posx.jpg */,
				ECD16343294643020092C0AF /* l_posy.jpg */,
			);
			path = leanOpenGLSkyBox;
			sourceTree = "<group>";
		};
		ECD1634B29464D4C0092C0AF /* ShadowMapping */ = {
			isa = PBXGroup;
			children = (
				ECD1634C29464D670092C0AF /* shadowMapping.vert */,
				ECD1634D29464D8C0092C0AF /* shadowMapping.frag */,
			);
			path = ShadowMapping;
			sourceTree = "<group>";
		};
		ECD16355294759BF0092C0AF /* Lit_Plane */ = {
			isa = PBXGroup;
			children = (
				ECD16356294759DA0092C0AF /* LitTexPlane.vert */,
				ECD16357294759FA0092C0AF /* LitTexPlane.frag */,
			);
			path = Lit_Plane;
			sourceTree = "<group>";
		};
		ECD16D74290FE3C6009F5F6C = {
			isa = PBXGroup;
			children = (
				ECD16D8C290FEC16009F5F6C /* glad.c */,
				ECD16D7F290FE3C6009F5F6C /* OpenGL_Basics */,
				ECD16D7E290FE3C6009F5F6C /* Products */,
				ECD16D87290FE3F6009F5F6C /* Frameworks */,
			);
			sourceTree = "<group>";
		};
		ECD16D7E290FE3C6009F5F6C /* Products */ = {
			isa = PBXGroup;
			children = (
				ECD16D7D290FE3C6009F5F6C /* OpenGL_Basics */,
			);
			name = Products;
			sourceTree = "<group>";
		};
		ECD16D7F290FE3C6009F5F6C /* OpenGL_Basics */ = {
			isa = PBXGroup;
			children = (
				EC84D64C2938F8DB00F93ADE /* Animation */,
				EC84D6492938EF5D00F93ADE /* assets */,
				ECA54B8D2938E50F001CBEB5 /* ModelLoading */,
				ECEA064C2926B2FC0055DD24 /* Scenes */,
				ECEA064829269CF10055DD24 /* Utils */,
				EC2E3707291D7F9900C31DBD /* Input */,
				ECD16D962912BD6B009F5F6C /* Shaders */,
				ECD16D922911B00E009F5F6C /* RenderableObjctsBase */,
				ECD16D80290FE3C6009F5F6C /* main.cpp */,
				EC2E36EC2913FCFC00C31DBD /* Application.cpp */,
				EC2E36ED2913FCFC00C31DBD /* Application.hpp */,
				ECD1635129465D580092C0AF /* appCongif.h */,
			);
			path = OpenGL_Basics;
			sourceTree = "<group>";
		};
		ECD16D87290FE3F6009F5F6C /* Frameworks */ = {
			isa = PBXGroup;
			children = (
				ECD90AFF292FA0BA0054F62A /* libassimp.5.2.4.dylib */,
				ECD16D8A290FE417009F5F6C /* libglfw.3.3.dylib */,
				ECD16D88290FE3F6009F5F6C /* OpenGL.framework */,
			);
			name = Frameworks;
			sourceTree = "<group>";
		};
		ECD16D922911B00E009F5F6C /* RenderableObjctsBase */ = {
			isa = PBXGroup;
			children = (
				ECEA063D2922A1090055DD24 /* Lighting */,
				EC2E3711291EAE5F00C31DBD /* Transform.cpp */,
				EC2E3712291EAE5F00C31DBD /* Transform.hpp */,
				EC2E36F5291BC5BD00C31DBD /* Camera */,
				ECCCD2062913EA62000D4BED /* Objects */,
				ECD16D932911B05F009F5F6C /* RenderableObjectsBase.cpp */,
				ECD16D942911B05F009F5F6C /* RenderableObjectsBase.hpp */,
			);
			path = RenderableObjctsBase;
			sourceTree = "<group>";
		};
		ECD16D962912BD6B009F5F6C /* Shaders */ = {
			isa = PBXGroup;
			children = (
				ECD1634B29464D4C0092C0AF /* ShadowMapping */,
				ECD1633D294628580092C0AF /* Skybox */,
				ECEA063A2922A0410055DD24 /* LightingShaders */,
				EC2E36F12917CDBD00C31DBD /* ObjectShaders */,
				ECD16D972912BD8B009F5F6C /* GLSLShader.cpp */,
				ECD16D982912BD8B009F5F6C /* GLSLShader.hpp */,
				EC84D6462938EE3100F93ADE /* model_loading.vert */,
				EC84D6472938EE5600F93ADE /* model_loading.frag */,
			);
			name = Shaders;
			path = OpenGL_Basics/Shaders;
			sourceTree = SOURCE_ROOT;
		};
		ECEA063A2922A0410055DD24 /* LightingShaders */ = {
			isa = PBXGroup;
			children = (
				ECD16355294759BF0092C0AF /* Lit_Plane */,
				ECEA06452924FFA70055DD24 /* Lit_Cube */,
				ECEA063B2922A06C0055DD24 /* DirectionalLighting.vert */,
				ECEA063C2922A0CE0055DD24 /* DirectionalLighting.frag */,
			);
			path = LightingShaders;
			sourceTree = "<group>";
		};
		ECEA063D2922A1090055DD24 /* Lighting */ = {
			isa = PBXGroup;
			children = (
				ECEA063E2922AEA00055DD24 /* ILight.cpp */,
				ECEA063F2922AEA00055DD24 /* ILight.hpp */,
			);
			path = Lighting;
			sourceTree = "<group>";
		};
		ECEA064129241E870055DD24 /* LitObjects */ = {
			isa = PBXGroup;
			children = (
				EC49CDFC2926E49800D771C6 /* Cylinder.cpp */,
				EC49CDFD2926E49800D771C6 /* Cylinder.hpp */,
				ECEA06422924E7FB0055DD24 /* Lit_UnitCube.cpp */,
				ECEA06432924E7FB0055DD24 /* Lit_UnitCube.hpp */,
				EC49CDFF2927F0FC00D771C6 /* Sphere.cpp */,
				EC49CE002927F0FC00D771C6 /* Sphere.hpp */,
				ECD163522947538E0092C0AF /* LitPlane.cpp */,
				ECD163532947538E0092C0AF /* LitPlane.hpp */,
			);
			path = LitObjects;
			sourceTree = "<group>";
		};
		ECEA06452924FFA70055DD24 /* Lit_Cube */ = {
			isa = PBXGroup;
			children = (
				ECEA06462924FFC40055DD24 /* Lit_Cube.vert */,
				ECEA06472924FFDD0055DD24 /* Lit_Cube.frag */,
			);
			path = Lit_Cube;
			sourceTree = "<group>";
		};
		ECEA064829269CF10055DD24 /* Utils */ = {
			isa = PBXGroup;
			children = (
				ECEA064929269D130055DD24 /* Time.cpp */,
				ECEA064A29269D130055DD24 /* Time.hpp */,
				EC84D6562938F9A500F93ADE /* AssimpGLMHelpers.cpp */,
				EC84D6572938F9A500F93ADE /* AssimpGLMHelpers.hpp */,
				ECD16337294605950092C0AF /* TexLoading.cpp */,
				ECD16338294605950092C0AF /* TexLoading.hpp */,
			);
			path = Utils;
			sourceTree = "<group>";
		};
		ECEA064C2926B2FC0055DD24 /* Scenes */ = {
			isa = PBXGroup;
			children = (
				ECEA064D2926B3100055DD24 /* ClockScene.cpp */,
				ECEA064E2926B3100055DD24 /* ClockScene.hpp */,
				ECD1634829464D280092C0AF /* FinalSubmissionBaseScene.cpp */,
				ECD1634929464D280092C0AF /* FinalSubmissionBaseScene.hpp */,
				ECD1634E29464F5E0092C0AF /* ShadowPassFinalSubmission.cpp */,
				ECD1634F29464F5E0092C0AF /* ShadowPassFinalSubmission.hpp */,
			);
			path = Scenes;
			sourceTree = "<group>";
		};
/* End PBXGroup section */

/* Begin PBXNativeTarget section */
		ECD16D7C290FE3C6009F5F6C /* OpenGL_Basics */ = {
			isa = PBXNativeTarget;
			buildConfigurationList = ECD16D84290FE3C6009F5F6C /* Build configuration list for PBXNativeTarget "OpenGL_Basics" */;
			buildPhases = (
				ECD16D79290FE3C6009F5F6C /* Sources */,
				ECD16D7A290FE3C6009F5F6C /* Frameworks */,
				ECD16D7B290FE3C6009F5F6C /* CopyFiles */,
				ECCCD2032913E5AF000D4BED /* Embed Libraries */,
			);
			buildRules = (
			);
			dependencies = (
			);
			name = OpenGL_Basics;
			productName = OpenGL_Basics;
			productReference = ECD16D7D290FE3C6009F5F6C /* OpenGL_Basics */;
			productType = "com.apple.product-type.tool";
		};
/* End PBXNativeTarget section */

/* Begin PBXProject section */
		ECD16D75290FE3C6009F5F6C /* Project object */ = {
			isa = PBXProject;
			attributes = {
				BuildIndependentTargetsInParallel = 1;
				LastUpgradeCheck = 1410;
				TargetAttributes = {
					ECD16D7C290FE3C6009F5F6C = {
						CreatedOnToolsVersion = 14.0.1;
					};
				};
			};
			buildConfigurationList = ECD16D78290FE3C6009F5F6C /* Build configuration list for PBXProject "OpenGL_Basics" */;
			compatibilityVersion = "Xcode 14.0";
			developmentRegion = en;
			hasScannedForEncodings = 0;
			knownRegions = (
				en,
				Base,
			);
			mainGroup = ECD16D74290FE3C6009F5F6C;
			productRefGroup = ECD16D7E290FE3C6009F5F6C /* Products */;
			projectDirPath = "";
			projectRoot = "";
			targets = (
				ECD16D7C290FE3C6009F5F6C /* OpenGL_Basics */,
			);
		};
/* End PBXProject section */

/* Begin PBXSourcesBuildPhase section */
		ECD16D79290FE3C6009F5F6C /* Sources */ = {
			isa = PBXSourcesBuildPhase;
			buildActionMask = 2147483647;
			files = (
				EC2E370D291E5DB400C31DBD /* UnitCube.cpp in Sources */,
				EC2E36FF291C319A00C31DBD /* FreeCamera.cpp in Sources */,
				EC84D65B2938FA2D00F93ADE /* Animation_Data.cpp in Sources */,
				EC84D64F2938F8F700F93ADE /* Animator.cpp in Sources */,
				ECD16D81290FE3C6009F5F6C /* main.cpp in Sources */,
				ECD1635029464F5E0092C0AF /* ShadowPassFinalSubmission.cpp in Sources */,
				EC84D6452938E6C200F93ADE /* Mesh.cpp in Sources */,
				EC2E3702291CF8DF00C31DBD /* Plane.cpp in Sources */,
				EC84D6582938F9A500F93ADE /* AssimpGLMHelpers.cpp in Sources */,
				EC2E370A291D7FA800C31DBD /* Input.cpp in Sources */,
				ECD16339294605950092C0AF /* TexLoading.cpp in Sources */,
				EC2E36FC291BEFCC00C31DBD /* FPlane.cpp in Sources */,
				ECEA06442924E7FB0055DD24 /* Lit_UnitCube.cpp in Sources */,
				EC84D6422938E69700F93ADE /* Model.cpp in Sources */,
				EC2E3713291EAE5F00C31DBD /* Transform.cpp in Sources */,
				ECEA064B29269D130055DD24 /* Time.cpp in Sources */,
				ECEA064F2926B3100055DD24 /* ClockScene.cpp in Sources */,
				ECCCD2092913EA78000D4BED /* Triangle.cpp in Sources */,
				EC49CDFE2926E49800D771C6 /* Cylinder.cpp in Sources */,
				ECEA06402922AEA00055DD24 /* ILight.cpp in Sources */,
				ECD163542947538E0092C0AF /* LitPlane.cpp in Sources */,
				EC2E36EE2913FCFC00C31DBD /* Application.cpp in Sources */,
				EC49CE012927F0FC00D771C6 /* Sphere.cpp in Sources */,
				ECD16D8D290FEC16009F5F6C /* glad.c in Sources */,
				EC2E36F8291BC5D500C31DBD /* ICamera.cpp in Sources */,
				ECD1633C294606300092C0AF /* Skybox.cpp in Sources */,
				ECD16D952911B05F009F5F6C /* RenderableObjectsBase.cpp in Sources */,
				EC84D6552938F96C00F93ADE /* Bone.cpp in Sources */,
				ECD16D992912BD8B009F5F6C /* GLSLShader.cpp in Sources */,
				ECD1634A29464D280092C0AF /* FinalSubmissionBaseScene.cpp in Sources */,
				EC84D6522938F93600F93ADE /* Animation.cpp in Sources */,
			);
			runOnlyForDeploymentPostprocessing = 0;
		};
/* End PBXSourcesBuildPhase section */

/* Begin XCBuildConfiguration section */
		ECD16D82290FE3C6009F5F6C /* Debug */ = {
			isa = XCBuildConfiguration;
			buildSettings = {
				ALWAYS_SEARCH_USER_PATHS = NO;
				CLANG_ANALYZER_NONNULL = YES;
				CLANG_ANALYZER_NUMBER_OBJECT_CONVERSION = YES_AGGRESSIVE;
				CLANG_CXX_LANGUAGE_STANDARD = "gnu++20";
				CLANG_ENABLE_MODULES = YES;
				CLANG_ENABLE_OBJC_ARC = YES;
				CLANG_ENABLE_OBJC_WEAK = YES;
				CLANG_WARN_BLOCK_CAPTURE_AUTORELEASING = YES;
				CLANG_WARN_BOOL_CONVERSION = YES;
				CLANG_WARN_COMMA = YES;
				CLANG_WARN_CONSTANT_CONVERSION = YES;
				CLANG_WARN_DEPRECATED_OBJC_IMPLEMENTATIONS = YES;
				CLANG_WARN_DIRECT_OBJC_ISA_USAGE = YES_ERROR;
				CLANG_WARN_DOCUMENTATION_COMMENTS = YES;
				CLANG_WARN_EMPTY_BODY = YES;
				CLANG_WARN_ENUM_CONVERSION = YES;
				CLANG_WARN_INFINITE_RECURSION = YES;
				CLANG_WARN_INT_CONVERSION = YES;
				CLANG_WARN_NON_LITERAL_NULL_CONVERSION = YES;
				CLANG_WARN_OBJC_IMPLICIT_RETAIN_SELF = YES;
				CLANG_WARN_OBJC_LITERAL_CONVERSION = YES;
				CLANG_WARN_OBJC_ROOT_CLASS = YES_ERROR;
				CLANG_WARN_QUOTED_INCLUDE_IN_FRAMEWORK_HEADER = YES;
				CLANG_WARN_RANGE_LOOP_ANALYSIS = YES;
				CLANG_WARN_STRICT_PROTOTYPES = YES;
				CLANG_WARN_SUSPICIOUS_MOVE = YES;
				CLANG_WARN_UNGUARDED_AVAILABILITY = YES_AGGRESSIVE;
				CLANG_WARN_UNREACHABLE_CODE = YES;
				CLANG_WARN__DUPLICATE_METHOD_MATCH = YES;
				COPY_PHASE_STRIP = NO;
				DEAD_CODE_STRIPPING = YES;
				DEBUG_INFORMATION_FORMAT = dwarf;
				ENABLE_STRICT_OBJC_MSGSEND = YES;
				ENABLE_TESTABILITY = YES;
				GCC_C_LANGUAGE_STANDARD = gnu11;
				GCC_DYNAMIC_NO_PIC = NO;
				GCC_NO_COMMON_BLOCKS = NO;
				GCC_OPTIMIZATION_LEVEL = 0;
				GCC_PREPROCESSOR_DEFINITIONS = (
					"DEBUG=1",
					"$(inherited)",
				);
				GCC_WARN_64_TO_32_BIT_CONVERSION = YES;
				GCC_WARN_ABOUT_RETURN_TYPE = YES_ERROR;
				GCC_WARN_UNDECLARED_SELECTOR = YES;
				GCC_WARN_UNINITIALIZED_AUTOS = YES_AGGRESSIVE;
				GCC_WARN_UNUSED_FUNCTION = YES;
				GCC_WARN_UNUSED_VARIABLE = YES;
				HEADER_SEARCH_PATHS = (
					./Externals/glad/include,
					/opt/homebrew/Cellar/glfw/3.3.8/include,
					/opt/homebrew/Cellar/glm/0.9.9.8/include,
				);
				MACOSX_DEPLOYMENT_TARGET = 12.3;
				MTL_ENABLE_DEBUG_INFO = INCLUDE_SOURCE;
				MTL_FAST_MATH = YES;
				ONLY_ACTIVE_ARCH = YES;
				SDKROOT = macosx;
				"SYSTEM_HEADER_SEARCH_PATHS[arch=*]" = "";
			};
			name = Debug;
		};
		ECD16D83290FE3C6009F5F6C /* Release */ = {
			isa = XCBuildConfiguration;
			buildSettings = {
				ALWAYS_SEARCH_USER_PATHS = NO;
				CLANG_ANALYZER_NONNULL = YES;
				CLANG_ANALYZER_NUMBER_OBJECT_CONVERSION = YES_AGGRESSIVE;
				CLANG_CXX_LANGUAGE_STANDARD = "gnu++20";
				CLANG_ENABLE_MODULES = YES;
				CLANG_ENABLE_OBJC_ARC = YES;
				CLANG_ENABLE_OBJC_WEAK = YES;
				CLANG_WARN_BLOCK_CAPTURE_AUTORELEASING = YES;
				CLANG_WARN_BOOL_CONVERSION = YES;
				CLANG_WARN_COMMA = YES;
				CLANG_WARN_CONSTANT_CONVERSION = YES;
				CLANG_WARN_DEPRECATED_OBJC_IMPLEMENTATIONS = YES;
				CLANG_WARN_DIRECT_OBJC_ISA_USAGE = YES_ERROR;
				CLANG_WARN_DOCUMENTATION_COMMENTS = YES;
				CLANG_WARN_EMPTY_BODY = YES;
				CLANG_WARN_ENUM_CONVERSION = YES;
				CLANG_WARN_INFINITE_RECURSION = YES;
				CLANG_WARN_INT_CONVERSION = YES;
				CLANG_WARN_NON_LITERAL_NULL_CONVERSION = YES;
				CLANG_WARN_OBJC_IMPLICIT_RETAIN_SELF = YES;
				CLANG_WARN_OBJC_LITERAL_CONVERSION = YES;
				CLANG_WARN_OBJC_ROOT_CLASS = YES_ERROR;
				CLANG_WARN_QUOTED_INCLUDE_IN_FRAMEWORK_HEADER = YES;
				CLANG_WARN_RANGE_LOOP_ANALYSIS = YES;
				CLANG_WARN_STRICT_PROTOTYPES = YES;
				CLANG_WARN_SUSPICIOUS_MOVE = YES;
				CLANG_WARN_UNGUARDED_AVAILABILITY = YES_AGGRESSIVE;
				CLANG_WARN_UNREACHABLE_CODE = YES;
				CLANG_WARN__DUPLICATE_METHOD_MATCH = YES;
				COPY_PHASE_STRIP = NO;
				DEAD_CODE_STRIPPING = YES;
				DEBUG_INFORMATION_FORMAT = "dwarf-with-dsym";
				ENABLE_NS_ASSERTIONS = NO;
				ENABLE_STRICT_OBJC_MSGSEND = YES;
				GCC_C_LANGUAGE_STANDARD = gnu11;
				GCC_NO_COMMON_BLOCKS = NO;
				GCC_WARN_64_TO_32_BIT_CONVERSION = YES;
				GCC_WARN_ABOUT_RETURN_TYPE = YES_ERROR;
				GCC_WARN_UNDECLARED_SELECTOR = YES;
				GCC_WARN_UNINITIALIZED_AUTOS = YES_AGGRESSIVE;
				GCC_WARN_UNUSED_FUNCTION = YES;
				GCC_WARN_UNUSED_VARIABLE = YES;
				HEADER_SEARCH_PATHS = (
					./Externals/glad/include,
					/opt/homebrew/Cellar/glfw/3.3.8/include,
					/opt/homebrew/Cellar/glm/0.9.9.8/include,
				);
				MACOSX_DEPLOYMENT_TARGET = 12.3;
				MTL_ENABLE_DEBUG_INFO = NO;
				MTL_FAST_MATH = YES;
				SDKROOT = macosx;
			};
			name = Release;
		};
		ECD16D85290FE3C6009F5F6C /* Debug */ = {
			isa = XCBuildConfiguration;
			buildSettings = {
				CODE_SIGN_IDENTITY = "-";
				CODE_SIGN_STYLE = Automatic;
				DEAD_CODE_STRIPPING = YES;
				HEADER_SEARCH_PATHS = (
					./Externals/glad/include,
					/opt/homebrew/Cellar/glfw/3.3.8/include,
					/opt/homebrew/Cellar/glm/0.9.9.8/include,
					/opt/homebrew/Cellar/assimp/5.2.5/include,
					./Externals/stb,
				);
				LIBRARY_SEARCH_PATHS = (
					"$(inherited)",
					/opt/homebrew/Cellar/glfw/3.3.8/lib,
					/opt/homebrew/Cellar/assimp/5.2.5/lib,
				);
				PRODUCT_NAME = "$(TARGET_NAME)";
				SYSTEM_HEADER_SEARCH_PATHS = "";
				"SYSTEM_HEADER_SEARCH_PATHS[arch=*]" = "";
			};
			name = Debug;
		};
		ECD16D86290FE3C6009F5F6C /* Release */ = {
			isa = XCBuildConfiguration;
			buildSettings = {
				CODE_SIGN_IDENTITY = "-";
				CODE_SIGN_STYLE = Automatic;
				DEAD_CODE_STRIPPING = YES;
				HEADER_SEARCH_PATHS = (
					./Externals/glad/include,
					/opt/homebrew/Cellar/glfw/3.3.8/include,
					/opt/homebrew/Cellar/glm/0.9.9.8/include,
					/opt/homebrew/Cellar/assimp/5.2.5/include,
					./Externals/stb,
				);
				LIBRARY_SEARCH_PATHS = (
					"$(inherited)",
					/opt/homebrew/Cellar/glfw/3.3.8/lib,
					/opt/homebrew/Cellar/assimp/5.2.5/lib,
				);
				PRODUCT_NAME = "$(TARGET_NAME)";
				SYSTEM_HEADER_SEARCH_PATHS = "";
			};
			name = Release;
		};
/* End XCBuildConfiguration section */

/* Begin XCConfigurationList section */
		ECD16D78290FE3C6009F5F6C /* Build configuration list for PBXProject "OpenGL_Basics" */ = {
			isa = XCConfigurationList;
			buildConfigurations = (
				ECD16D82290FE3C6009F5F6C /* Debug */,
				ECD16D83290FE3C6009F5F6C /* Release */,
			);
			defaultConfigurationIsVisible = 0;
			defaultConfigurationName = Release;
		};
		ECD16D84290FE3C6009F5F6C /* Build configuration list for PBXNativeTarget "OpenGL_Basics" */ = {
			isa = XCConfigurationList;
			buildConfigurations = (
				ECD16D85290FE3C6009F5F6C /* Debug */,
				ECD16D86290FE3C6009F5F6C /* Release */,
			);
			defaultConfigurationIsVisible = 0;
			defaultConfigurationName = Release;
		};
/* End XCConfigurationList section */
	};
	rootObject = ECD16D75290FE3C6009F5F6C /* Project object */;
}
