// !$*UTF8*$!
{
	archiveVersion = 1;
	classes = {
	};
	objectVersion = 56;
	objects = {

/* Begin PBXBuildFile section */
		EC2E36EE2913FCFC00C31DBD /* Application.cpp in Sources */ = {isa = PBXBuildFile; fileRef = EC2E36EC2913FCFC00C31DBD /* Application.cpp */; };
		EC2E36F02916D58C00C31DBD /* OpenGL.framework in Frameworks */ = {isa = PBXBuildFile; fileRef = ECD16D88290FE3F6009F5F6C /* OpenGL.framework */; };
		EC2E36F8291BC5D500C31DBD /* ICamera.cpp in Sources */ = {isa = PBXBuildFile; fileRef = EC2E36F6291BC5D500C31DBD /* ICamera.cpp */; };
		EC2E36FC291BEFCC00C31DBD /* FPlane.cpp in Sources */ = {isa = PBXBuildFile; fileRef = EC2E36FA291BEFCC00C31DBD /* FPlane.cpp */; };
		EC2E36FF291C319A00C31DBD /* FreeCamera.cpp in Sources */ = {isa = PBXBuildFile; fileRef = EC2E36FD291C319A00C31DBD /* FreeCamera.cpp */; };
		EC2E3702291CF8DF00C31DBD /* Plane.cpp in Sources */ = {isa = PBXBuildFile; fileRef = EC2E3700291CF8DF00C31DBD /* Plane.cpp */; };
		EC2E370A291D7FA800C31DBD /* Input.cpp in Sources */ = {isa = PBXBuildFile; fileRef = EC2E3708291D7FA800C31DBD /* Input.cpp */; };
		EC2E370D291E5DB400C31DBD /* UnitCube.cpp in Sources */ = {isa = PBXBuildFile; fileRef = EC2E370B291E5DB400C31DBD /* UnitCube.cpp */; };
		EC2E3713291EAE5F00C31DBD /* Transform.cpp in Sources */ = {isa = PBXBuildFile; fileRef = EC2E3711291EAE5F00C31DBD /* Transform.cpp */; };
		ECCCD2022913E5AF000D4BED /* libglfw.3.3.dylib in Embed Libraries */ = {isa = PBXBuildFile; fileRef = ECD16D8A290FE417009F5F6C /* libglfw.3.3.dylib */; };
		ECCCD2092913EA78000D4BED /* Triangle.cpp in Sources */ = {isa = PBXBuildFile; fileRef = ECCCD2072913EA78000D4BED /* Triangle.cpp */; };
		ECD16D81290FE3C6009F5F6C /* main.cpp in Sources */ = {isa = PBXBuildFile; fileRef = ECD16D80290FE3C6009F5F6C /* main.cpp */; };
		ECD16D8B290FE417009F5F6C /* libglfw.3.3.dylib in Frameworks */ = {isa = PBXBuildFile; fileRef = ECD16D8A290FE417009F5F6C /* libglfw.3.3.dylib */; };
		ECD16D8D290FEC16009F5F6C /* glad.c in Sources */ = {isa = PBXBuildFile; fileRef = ECD16D8C290FEC16009F5F6C /* glad.c */; };
		ECD16D952911B05F009F5F6C /* RenderableObjectsBase.cpp in Sources */ = {isa = PBXBuildFile; fileRef = ECD16D932911B05F009F5F6C /* RenderableObjectsBase.cpp */; };
		ECD16D992912BD8B009F5F6C /* GLSLShader.cpp in Sources */ = {isa = PBXBuildFile; fileRef = ECD16D972912BD8B009F5F6C /* GLSLShader.cpp */; };
/* End PBXBuildFile section */

/* Begin PBXCopyFilesBuildPhase section */
		ECCCD2032913E5AF000D4BED /* Embed Libraries */ = {
			isa = PBXCopyFilesBuildPhase;
			buildActionMask = 2147483647;
			dstPath = "";
			dstSubfolderSpec = 10;
			files = (
				ECCCD2022913E5AF000D4BED /* libglfw.3.3.dylib in Embed Libraries */,
			);
			name = "Embed Libraries";
			runOnlyForDeploymentPostprocessing = 0;
		};
		ECD16D7B290FE3C6009F5F6C /* CopyFiles */ = {
			isa = PBXCopyFilesBuildPhase;
			buildActionMask = 2147483647;
			dstPath = /usr/share/man/man1/;
			dstSubfolderSpec = 0;
			files = (
			);
			runOnlyForDeploymentPostprocessing = 1;
		};
/* End PBXCopyFilesBuildPhase section */

/* Begin PBXFileReference section */
		EC2E36EC2913FCFC00C31DBD /* Application.cpp */ = {isa = PBXFileReference; lastKnownFileType = sourcecode.cpp.cpp; path = Application.cpp; sourceTree = "<group>"; };
		EC2E36ED2913FCFC00C31DBD /* Application.hpp */ = {isa = PBXFileReference; lastKnownFileType = sourcecode.cpp.h; path = Application.hpp; sourceTree = "<group>"; };
		EC2E36F32917CDEB00C31DBD /* Triangle.vert */ = {isa = PBXFileReference; lastKnownFileType = sourcecode.glsl; path = Triangle.vert; sourceTree = "<group>"; };
		EC2E36F42917CE2A00C31DBD /* Triangle.frag */ = {isa = PBXFileReference; lastKnownFileType = sourcecode.glsl; path = Triangle.frag; sourceTree = "<group>"; };
		EC2E36F6291BC5D500C31DBD /* ICamera.cpp */ = {isa = PBXFileReference; lastKnownFileType = sourcecode.cpp.cpp; path = ICamera.cpp; sourceTree = "<group>"; };
		EC2E36F7291BC5D500C31DBD /* ICamera.hpp */ = {isa = PBXFileReference; lastKnownFileType = sourcecode.cpp.h; path = ICamera.hpp; sourceTree = "<group>"; };
		EC2E36FA291BEFCC00C31DBD /* FPlane.cpp */ = {isa = PBXFileReference; lastKnownFileType = sourcecode.cpp.cpp; path = FPlane.cpp; sourceTree = "<group>"; };
		EC2E36FB291BEFCC00C31DBD /* FPlane.hpp */ = {isa = PBXFileReference; lastKnownFileType = sourcecode.cpp.h; path = FPlane.hpp; sourceTree = "<group>"; };
		EC2E36FD291C319A00C31DBD /* FreeCamera.cpp */ = {isa = PBXFileReference; lastKnownFileType = sourcecode.cpp.cpp; path = FreeCamera.cpp; sourceTree = "<group>"; };
		EC2E36FE291C319A00C31DBD /* FreeCamera.hpp */ = {isa = PBXFileReference; lastKnownFileType = sourcecode.cpp.h; path = FreeCamera.hpp; sourceTree = "<group>"; };
		EC2E3700291CF8DF00C31DBD /* Plane.cpp */ = {isa = PBXFileReference; lastKnownFileType = sourcecode.cpp.cpp; path = Plane.cpp; sourceTree = "<group>"; };
		EC2E3701291CF8DF00C31DBD /* Plane.hpp */ = {isa = PBXFileReference; lastKnownFileType = sourcecode.cpp.h; path = Plane.hpp; sourceTree = "<group>"; };
		EC2E3705291CFFBF00C31DBD /* checkeredPlane.vert */ = {isa = PBXFileReference; lastKnownFileType = sourcecode.glsl; path = checkeredPlane.vert; sourceTree = "<group>"; };
		EC2E3706291CFFDC00C31DBD /* checkeredPlane.frag */ = {isa = PBXFileReference; lastKnownFileType = sourcecode.glsl; path = checkeredPlane.frag; sourceTree = "<group>"; };
		EC2E3708291D7FA800C31DBD /* Input.cpp */ = {isa = PBXFileReference; lastKnownFileType = sourcecode.cpp.cpp; path = Input.cpp; sourceTree = "<group>"; };
		EC2E3709291D7FA800C31DBD /* Input.hpp */ = {isa = PBXFileReference; lastKnownFileType = sourcecode.cpp.h; path = Input.hpp; sourceTree = "<group>"; };
		EC2E370B291E5DB400C31DBD /* UnitCube.cpp */ = {isa = PBXFileReference; lastKnownFileType = sourcecode.cpp.cpp; path = UnitCube.cpp; sourceTree = "<group>"; };
		EC2E370C291E5DB400C31DBD /* UnitCube.hpp */ = {isa = PBXFileReference; lastKnownFileType = sourcecode.cpp.h; path = UnitCube.hpp; sourceTree = "<group>"; };
		EC2E370F291E5F6000C31DBD /* UnitCube.vert */ = {isa = PBXFileReference; lastKnownFileType = sourcecode.glsl; path = UnitCube.vert; sourceTree = "<group>"; };
		EC2E3710291E5F7500C31DBD /* UnitCube.frag */ = {isa = PBXFileReference; lastKnownFileType = sourcecode.glsl; path = UnitCube.frag; sourceTree = "<group>"; };
		EC2E3711291EAE5F00C31DBD /* Transform.cpp */ = {isa = PBXFileReference; lastKnownFileType = sourcecode.cpp.cpp; path = Transform.cpp; sourceTree = "<group>"; };
		EC2E3712291EAE5F00C31DBD /* Transform.hpp */ = {isa = PBXFileReference; lastKnownFileType = sourcecode.cpp.h; path = Transform.hpp; sourceTree = "<group>"; };
		ECCCD2072913EA78000D4BED /* Triangle.cpp */ = {isa = PBXFileReference; lastKnownFileType = sourcecode.cpp.cpp; path = Triangle.cpp; sourceTree = "<group>"; };
		ECCCD2082913EA78000D4BED /* Triangle.hpp */ = {isa = PBXFileReference; lastKnownFileType = sourcecode.cpp.h; path = Triangle.hpp; sourceTree = "<group>"; };
		ECD16D7D290FE3C6009F5F6C /* OpenGL_Basics */ = {isa = PBXFileReference; explicitFileType = "compiled.mach-o.executable"; includeInIndex = 0; path = OpenGL_Basics; sourceTree = BUILT_PRODUCTS_DIR; };
		ECD16D80290FE3C6009F5F6C /* main.cpp */ = {isa = PBXFileReference; lastKnownFileType = sourcecode.cpp.cpp; path = main.cpp; sourceTree = "<group>"; };
		ECD16D88290FE3F6009F5F6C /* OpenGL.framework */ = {isa = PBXFileReference; lastKnownFileType = wrapper.framework; name = OpenGL.framework; path = System/Library/Frameworks/OpenGL.framework; sourceTree = SDKROOT; };
		ECD16D8A290FE417009F5F6C /* libglfw.3.3.dylib */ = {isa = PBXFileReference; lastKnownFileType = "compiled.mach-o.dylib"; name = libglfw.3.3.dylib; path = ../../../../../../../../opt/homebrew/Cellar/glfw/3.3.8/lib/libglfw.3.3.dylib; sourceTree = "<group>"; };
		ECD16D8C290FEC16009F5F6C /* glad.c */ = {isa = PBXFileReference; fileEncoding = 4; lastKnownFileType = sourcecode.c.c; name = glad.c; path = Externals/glad/src/glad.c; sourceTree = "<group>"; };
		ECD16D932911B05F009F5F6C /* RenderableObjectsBase.cpp */ = {isa = PBXFileReference; lastKnownFileType = sourcecode.cpp.cpp; path = RenderableObjectsBase.cpp; sourceTree = "<group>"; };
		ECD16D942911B05F009F5F6C /* RenderableObjectsBase.hpp */ = {isa = PBXFileReference; lastKnownFileType = sourcecode.cpp.h; path = RenderableObjectsBase.hpp; sourceTree = "<group>"; };
		ECD16D972912BD8B009F5F6C /* GLSLShader.cpp */ = {isa = PBXFileReference; lastKnownFileType = sourcecode.cpp.cpp; path = GLSLShader.cpp; sourceTree = "<group>"; };
		ECD16D982912BD8B009F5F6C /* GLSLShader.hpp */ = {isa = PBXFileReference; lastKnownFileType = sourcecode.cpp.h; path = GLSLShader.hpp; sourceTree = "<group>"; };
/* End PBXFileReference section */

/* Begin PBXFrameworksBuildPhase section */
		ECD16D7A290FE3C6009F5F6C /* Frameworks */ = {
			isa = PBXFrameworksBuildPhase;
			buildActionMask = 2147483647;
			files = (
				ECD16D8B290FE417009F5F6C /* libglfw.3.3.dylib in Frameworks */,
				EC2E36F02916D58C00C31DBD /* OpenGL.framework in Frameworks */,
			);
			runOnlyForDeploymentPostprocessing = 0;
		};
/* End PBXFrameworksBuildPhase section */

/* Begin PBXGroup section */
		EC2E36F12917CDBD00C31DBD /* ObjectShaders */ = {
			isa = PBXGroup;
			children = (
				EC2E370E291E5F3200C31DBD /* UnitCube */,
				EC2E3703291CFF4C00C31DBD /* TexturedPlane */,
				EC2E36F22917CDCD00C31DBD /* Triangle */,
			);
			path = ObjectShaders;
			sourceTree = "<group>";
		};
		EC2E36F22917CDCD00C31DBD /* Triangle */ = {
			isa = PBXGroup;
			children = (
				EC2E36F32917CDEB00C31DBD /* Triangle.vert */,
				EC2E36F42917CE2A00C31DBD /* Triangle.frag */,
			);
			path = Triangle;
			sourceTree = "<group>";
		};
		EC2E36F5291BC5BD00C31DBD /* Camera */ = {
			isa = PBXGroup;
			children = (
				EC2E36F9291BEFA300C31DBD /* Fustrum */,
				EC2E36F6291BC5D500C31DBD /* ICamera.cpp */,
				EC2E36F7291BC5D500C31DBD /* ICamera.hpp */,
				EC2E36FD291C319A00C31DBD /* FreeCamera.cpp */,
				EC2E36FE291C319A00C31DBD /* FreeCamera.hpp */,
			);
			path = Camera;
			sourceTree = "<group>";
		};
		EC2E36F9291BEFA300C31DBD /* Fustrum */ = {
			isa = PBXGroup;
			children = (
				EC2E36FA291BEFCC00C31DBD /* FPlane.cpp */,
				EC2E36FB291BEFCC00C31DBD /* FPlane.hpp */,
			);
			path = Fustrum;
			sourceTree = "<group>";
		};
		EC2E3703291CFF4C00C31DBD /* TexturedPlane */ = {
			isa = PBXGroup;
			children = (
				EC2E3705291CFFBF00C31DBD /* checkeredPlane.vert */,
				EC2E3706291CFFDC00C31DBD /* checkeredPlane.frag */,
			);
			path = TexturedPlane;
			sourceTree = "<group>";
		};
		EC2E3707291D7F9900C31DBD /* Input */ = {
			isa = PBXGroup;
			children = (
				EC2E3708291D7FA800C31DBD /* Input.cpp */,
				EC2E3709291D7FA800C31DBD /* Input.hpp */,
			);
			path = Input;
			sourceTree = "<group>";
		};
		EC2E370E291E5F3200C31DBD /* UnitCube */ = {
			isa = PBXGroup;
			children = (
				EC2E370F291E5F6000C31DBD /* UnitCube.vert */,
				EC2E3710291E5F7500C31DBD /* UnitCube.frag */,
			);
			path = UnitCube;
			sourceTree = "<group>";
		};
		ECCCD2062913EA62000D4BED /* Objects */ = {
			isa = PBXGroup;
			children = (
				ECCCD2072913EA78000D4BED /* Triangle.cpp */,
				ECCCD2082913EA78000D4BED /* Triangle.hpp */,
				EC2E3700291CF8DF00C31DBD /* Plane.cpp */,
				EC2E3701291CF8DF00C31DBD /* Plane.hpp */,
				EC2E370B291E5DB400C31DBD /* UnitCube.cpp */,
				EC2E370C291E5DB400C31DBD /* UnitCube.hpp */,
			);
			path = Objects;
			sourceTree = "<group>";
		};
		ECD16D74290FE3C6009F5F6C = {
			isa = PBXGroup;
			children = (
				ECD16D8C290FEC16009F5F6C /* glad.c */,
				ECD16D7F290FE3C6009F5F6C /* OpenGL_Basics */,
				ECD16D7E290FE3C6009F5F6C /* Products */,
				ECD16D87290FE3F6009F5F6C /* Frameworks */,
			);
			sourceTree = "<group>";
		};
		ECD16D7E290FE3C6009F5F6C /* Products */ = {
			isa = PBXGroup;
			children = (
				ECD16D7D290FE3C6009F5F6C /* OpenGL_Basics */,
			);
			name = Products;
			sourceTree = "<group>";
		};
		ECD16D7F290FE3C6009F5F6C /* OpenGL_Basics */ = {
			isa = PBXGroup;
			children = (
				EC2E3707291D7F9900C31DBD /* Input */,
				ECD16D962912BD6B009F5F6C /* Shaders */,
				ECD16D922911B00E009F5F6C /* RenderableObjctsBase */,
				ECD16D80290FE3C6009F5F6C /* main.cpp */,
				EC2E36EC2913FCFC00C31DBD /* Application.cpp */,
				EC2E36ED2913FCFC00C31DBD /* Application.hpp */,
			);
			path = OpenGL_Basics;
			sourceTree = "<group>";
		};
		ECD16D87290FE3F6009F5F6C /* Frameworks */ = {
			isa = PBXGroup;
			children = (
				ECD16D8A290FE417009F5F6C /* libglfw.3.3.dylib */,
				ECD16D88290FE3F6009F5F6C /* OpenGL.framework */,
			);
			name = Frameworks;
			sourceTree = "<group>";
		};
		ECD16D922911B00E009F5F6C /* RenderableObjctsBase */ = {
			isa = PBXGroup;
			children = (
				EC2E3711291EAE5F00C31DBD /* Transform.cpp */,
				EC2E3712291EAE5F00C31DBD /* Transform.hpp */,
				EC2E36F5291BC5BD00C31DBD /* Camera */,
				ECCCD2062913EA62000D4BED /* Objects */,
				ECD16D932911B05F009F5F6C /* RenderableObjectsBase.cpp */,
				ECD16D942911B05F009F5F6C /* RenderableObjectsBase.hpp */,
			);
			path = RenderableObjctsBase;
			sourceTree = "<group>";
		};
		ECD16D962912BD6B009F5F6C /* Shaders */ = {
			isa = PBXGroup;
			children = (
				EC2E36F12917CDBD00C31DBD /* ObjectShaders */,
				ECD16D972912BD8B009F5F6C /* GLSLShader.cpp */,
				ECD16D982912BD8B009F5F6C /* GLSLShader.hpp */,
			);
			name = Shaders;
			path = OpenGL_Basics/Shaders;
			sourceTree = SOURCE_ROOT;
		};
/* End PBXGroup section */

/* Begin PBXNativeTarget section */
		ECD16D7C290FE3C6009F5F6C /* OpenGL_Basics */ = {
			isa = PBXNativeTarget;
			buildConfigurationList = ECD16D84290FE3C6009F5F6C /* Build configuration list for PBXNativeTarget "OpenGL_Basics" */;
			buildPhases = (
				ECD16D79290FE3C6009F5F6C /* Sources */,
				ECD16D7A290FE3C6009F5F6C /* Frameworks */,
				ECD16D7B290FE3C6009F5F6C /* CopyFiles */,
				ECCCD2032913E5AF000D4BED /* Embed Libraries */,
			);
			buildRules = (
			);
			dependencies = (
			);
			name = OpenGL_Basics;
			productName = OpenGL_Basics;
			productReference = ECD16D7D290FE3C6009F5F6C /* OpenGL_Basics */;
			productType = "com.apple.product-type.tool";
		};
/* End PBXNativeTarget section */

/* Begin PBXProject section */
		ECD16D75290FE3C6009F5F6C /* Project object */ = {
			isa = PBXProject;
			attributes = {
				BuildIndependentTargetsInParallel = 1;
				LastUpgradeCheck = 1410;
				TargetAttributes = {
					ECD16D7C290FE3C6009F5F6C = {
						CreatedOnToolsVersion = 14.0.1;
					};
				};
			};
			buildConfigurationList = ECD16D78290FE3C6009F5F6C /* Build configuration list for PBXProject "OpenGL_Basics" */;
			compatibilityVersion = "Xcode 14.0";
			developmentRegion = en;
			hasScannedForEncodings = 0;
			knownRegions = (
				en,
				Base,
			);
			mainGroup = ECD16D74290FE3C6009F5F6C;
			productRefGroup = ECD16D7E290FE3C6009F5F6C /* Products */;
			projectDirPath = "";
			projectRoot = "";
			targets = (
				ECD16D7C290FE3C6009F5F6C /* OpenGL_Basics */,
			);
		};
/* End PBXProject section */

/* Begin PBXSourcesBuildPhase section */
		ECD16D79290FE3C6009F5F6C /* Sources */ = {
			isa = PBXSourcesBuildPhase;
			buildActionMask = 2147483647;
			files = (
				EC2E370D291E5DB400C31DBD /* UnitCube.cpp in Sources */,
				EC2E36FF291C319A00C31DBD /* FreeCamera.cpp in Sources */,
				ECD16D81290FE3C6009F5F6C /* main.cpp in Sources */,
				EC2E3702291CF8DF00C31DBD /* Plane.cpp in Sources */,
				EC2E370A291D7FA800C31DBD /* Input.cpp in Sources */,
				EC2E36FC291BEFCC00C31DBD /* FPlane.cpp in Sources */,
				EC2E3713291EAE5F00C31DBD /* Transform.cpp in Sources */,
				ECCCD2092913EA78000D4BED /* Triangle.cpp in Sources */,
				EC2E36EE2913FCFC00C31DBD /* Application.cpp in Sources */,
				ECD16D8D290FEC16009F5F6C /* glad.c in Sources */,
				EC2E36F8291BC5D500C31DBD /* ICamera.cpp in Sources */,
				ECD16D952911B05F009F5F6C /* RenderableObjectsBase.cpp in Sources */,
				ECD16D992912BD8B009F5F6C /* GLSLShader.cpp in Sources */,
			);
			runOnlyForDeploymentPostprocessing = 0;
		};
/* End PBXSourcesBuildPhase section */

/* Begin XCBuildConfiguration section */
		ECD16D82290FE3C6009F5F6C /* Debug */ = {
			isa = XCBuildConfiguration;
			buildSettings = {
				ALWAYS_SEARCH_USER_PATHS = NO;
				CLANG_ANALYZER_NONNULL = YES;
				CLANG_ANALYZER_NUMBER_OBJECT_CONVERSION = YES_AGGRESSIVE;
				CLANG_CXX_LANGUAGE_STANDARD = "gnu++20";
				CLANG_ENABLE_MODULES = YES;
				CLANG_ENABLE_OBJC_ARC = YES;
				CLANG_ENABLE_OBJC_WEAK = YES;
				CLANG_WARN_BLOCK_CAPTURE_AUTORELEASING = YES;
				CLANG_WARN_BOOL_CONVERSION = YES;
				CLANG_WARN_COMMA = YES;
				CLANG_WARN_CONSTANT_CONVERSION = YES;
				CLANG_WARN_DEPRECATED_OBJC_IMPLEMENTATIONS = YES;
				CLANG_WARN_DIRECT_OBJC_ISA_USAGE = YES_ERROR;
				CLANG_WARN_DOCUMENTATION_COMMENTS = YES;
				CLANG_WARN_EMPTY_BODY = YES;
				CLANG_WARN_ENUM_CONVERSION = YES;
				CLANG_WARN_INFINITE_RECURSION = YES;
				CLANG_WARN_INT_CONVERSION = YES;
				CLANG_WARN_NON_LITERAL_NULL_CONVERSION = YES;
				CLANG_WARN_OBJC_IMPLICIT_RETAIN_SELF = YES;
				CLANG_WARN_OBJC_LITERAL_CONVERSION = YES;
				CLANG_WARN_OBJC_ROOT_CLASS = YES_ERROR;
				CLANG_WARN_QUOTED_INCLUDE_IN_FRAMEWORK_HEADER = YES;
				CLANG_WARN_RANGE_LOOP_ANALYSIS = YES;
				CLANG_WARN_STRICT_PROTOTYPES = YES;
				CLANG_WARN_SUSPICIOUS_MOVE = YES;
				CLANG_WARN_UNGUARDED_AVAILABILITY = YES_AGGRESSIVE;
				CLANG_WARN_UNREACHABLE_CODE = YES;
				CLANG_WARN__DUPLICATE_METHOD_MATCH = YES;
				COPY_PHASE_STRIP = NO;
				DEAD_CODE_STRIPPING = YES;
				DEBUG_INFORMATION_FORMAT = dwarf;
				ENABLE_STRICT_OBJC_MSGSEND = YES;
				ENABLE_TESTABILITY = YES;
				GCC_C_LANGUAGE_STANDARD = gnu11;
				GCC_DYNAMIC_NO_PIC = NO;
				GCC_NO_COMMON_BLOCKS = YES;
				GCC_OPTIMIZATION_LEVEL = 0;
				GCC_PREPROCESSOR_DEFINITIONS = (
					"DEBUG=1",
					"$(inherited)",
				);
				GCC_WARN_64_TO_32_BIT_CONVERSION = YES;
				GCC_WARN_ABOUT_RETURN_TYPE = YES_ERROR;
				GCC_WARN_UNDECLARED_SELECTOR = YES;
				GCC_WARN_UNINITIALIZED_AUTOS = YES_AGGRESSIVE;
				GCC_WARN_UNUSED_FUNCTION = YES;
				GCC_WARN_UNUSED_VARIABLE = YES;
				HEADER_SEARCH_PATHS = (
					./Externals/glad/include,
					/opt/homebrew/Cellar/glfw/3.3.8/include,
					/opt/homebrew/Cellar/glm/0.9.9.8/include,
				);
				MACOSX_DEPLOYMENT_TARGET = 12.3;
				MTL_ENABLE_DEBUG_INFO = INCLUDE_SOURCE;
				MTL_FAST_MATH = YES;
				ONLY_ACTIVE_ARCH = YES;
				SDKROOT = macosx;
				"SYSTEM_HEADER_SEARCH_PATHS[arch=*]" = "";
			};
			name = Debug;
		};
		ECD16D83290FE3C6009F5F6C /* Release */ = {
			isa = XCBuildConfiguration;
			buildSettings = {
				ALWAYS_SEARCH_USER_PATHS = NO;
				CLANG_ANALYZER_NONNULL = YES;
				CLANG_ANALYZER_NUMBER_OBJECT_CONVERSION = YES_AGGRESSIVE;
				CLANG_CXX_LANGUAGE_STANDARD = "gnu++20";
				CLANG_ENABLE_MODULES = YES;
				CLANG_ENABLE_OBJC_ARC = YES;
				CLANG_ENABLE_OBJC_WEAK = YES;
				CLANG_WARN_BLOCK_CAPTURE_AUTORELEASING = YES;
				CLANG_WARN_BOOL_CONVERSION = YES;
				CLANG_WARN_COMMA = YES;
				CLANG_WARN_CONSTANT_CONVERSION = YES;
				CLANG_WARN_DEPRECATED_OBJC_IMPLEMENTATIONS = YES;
				CLANG_WARN_DIRECT_OBJC_ISA_USAGE = YES_ERROR;
				CLANG_WARN_DOCUMENTATION_COMMENTS = YES;
				CLANG_WARN_EMPTY_BODY = YES;
				CLANG_WARN_ENUM_CONVERSION = YES;
				CLANG_WARN_INFINITE_RECURSION = YES;
				CLANG_WARN_INT_CONVERSION = YES;
				CLANG_WARN_NON_LITERAL_NULL_CONVERSION = YES;
				CLANG_WARN_OBJC_IMPLICIT_RETAIN_SELF = YES;
				CLANG_WARN_OBJC_LITERAL_CONVERSION = YES;
				CLANG_WARN_OBJC_ROOT_CLASS = YES_ERROR;
				CLANG_WARN_QUOTED_INCLUDE_IN_FRAMEWORK_HEADER = YES;
				CLANG_WARN_RANGE_LOOP_ANALYSIS = YES;
				CLANG_WARN_STRICT_PROTOTYPES = YES;
				CLANG_WARN_SUSPICIOUS_MOVE = YES;
				CLANG_WARN_UNGUARDED_AVAILABILITY = YES_AGGRESSIVE;
				CLANG_WARN_UNREACHABLE_CODE = YES;
				CLANG_WARN__DUPLICATE_METHOD_MATCH = YES;
				COPY_PHASE_STRIP = NO;
				DEAD_CODE_STRIPPING = YES;
				DEBUG_INFORMATION_FORMAT = "dwarf-with-dsym";
				ENABLE_NS_ASSERTIONS = NO;
				ENABLE_STRICT_OBJC_MSGSEND = YES;
				GCC_C_LANGUAGE_STANDARD = gnu11;
				GCC_NO_COMMON_BLOCKS = YES;
				GCC_WARN_64_TO_32_BIT_CONVERSION = YES;
				GCC_WARN_ABOUT_RETURN_TYPE = YES_ERROR;
				GCC_WARN_UNDECLARED_SELECTOR = YES;
				GCC_WARN_UNINITIALIZED_AUTOS = YES_AGGRESSIVE;
				GCC_WARN_UNUSED_FUNCTION = YES;
				GCC_WARN_UNUSED_VARIABLE = YES;
				HEADER_SEARCH_PATHS = (
					./Externals/glad/include,
					/opt/homebrew/Cellar/glfw/3.3.8/include,
					/opt/homebrew/Cellar/glm/0.9.9.8/include,
				);
				MACOSX_DEPLOYMENT_TARGET = 12.3;
				MTL_ENABLE_DEBUG_INFO = NO;
				MTL_FAST_MATH = YES;
				SDKROOT = macosx;
			};
			name = Release;
		};
		ECD16D85290FE3C6009F5F6C /* Debug */ = {
			isa = XCBuildConfiguration;
			buildSettings = {
				CODE_SIGN_IDENTITY = "-";
				CODE_SIGN_STYLE = Automatic;
				DEAD_CODE_STRIPPING = YES;
				LIBRARY_SEARCH_PATHS = (
					"$(inherited)",
					/opt/homebrew/Cellar/glfw/3.3.8/lib,
				);
				PRODUCT_NAME = "$(TARGET_NAME)";
				SYSTEM_HEADER_SEARCH_PATHS = "";
				"SYSTEM_HEADER_SEARCH_PATHS[arch=*]" = "";
			};
			name = Debug;
		};
		ECD16D86290FE3C6009F5F6C /* Release */ = {
			isa = XCBuildConfiguration;
			buildSettings = {
				CODE_SIGN_IDENTITY = "-";
				CODE_SIGN_STYLE = Automatic;
				DEAD_CODE_STRIPPING = YES;
				LIBRARY_SEARCH_PATHS = (
					"$(inherited)",
					/opt/homebrew/Cellar/glfw/3.3.8/lib,
				);
				PRODUCT_NAME = "$(TARGET_NAME)";
				SYSTEM_HEADER_SEARCH_PATHS = "";
			};
			name = Release;
		};
/* End XCBuildConfiguration section */

/* Begin XCConfigurationList section */
		ECD16D78290FE3C6009F5F6C /* Build configuration list for PBXProject "OpenGL_Basics" */ = {
			isa = XCConfigurationList;
			buildConfigurations = (
				ECD16D82290FE3C6009F5F6C /* Debug */,
				ECD16D83290FE3C6009F5F6C /* Release */,
			);
			defaultConfigurationIsVisible = 0;
			defaultConfigurationName = Release;
		};
		ECD16D84290FE3C6009F5F6C /* Build configuration list for PBXNativeTarget "OpenGL_Basics" */ = {
			isa = XCConfigurationList;
			buildConfigurations = (
				ECD16D85290FE3C6009F5F6C /* Debug */,
				ECD16D86290FE3C6009F5F6C /* Release */,
			);
			defaultConfigurationIsVisible = 0;
			defaultConfigurationName = Release;
		};
/* End XCConfigurationList section */
	};
	rootObject = ECD16D75290FE3C6009F5F6C /* Project object */;
}
